
Microsoft Visual Studio Solution File, Format Version 12.00
# Visual Studio Version 17
VisualStudioVersion = 17.6.33815.320
MinimumVisualStudioVersion = 10.0.40219.1
Project("{9A19103F-16F7-4668-BE54-9A1E7A4F7556}") = "FirelinkShrine", "EmeraldHerald\FirelinkShrine.csproj", "{1E75A020-19B7-4045-858F-27C0883A0A2E}"
EndProject
Global
	GlobalSection(SolutionConfigurationPlatforms) = preSolution
		Debug|Any CPU = Debug|Any CPU
		Release|Any CPU = Release|Any CPU
	EndGlobalSection
	GlobalSection(ProjectConfigurationPlatforms) = postSolution
		{1E75A020-19B7-4045-858F-27C0883A0A2E}.Debug|Any CPU.ActiveCfg = Debug|Any CPU
		{1E75A020-19B7-4045-858F-27C0883A0A2E}.Debug|Any CPU.Build.0 = Debug|Any CPU
		{1E75A020-19B7-4045-858F-27C0883A0A2E}.Release|Any CPU.ActiveCfg = Release|Any CPU
		{1E75A020-19B7-4045-858F-27C0883A0A2E}.Release|Any CPU.Build.0 = Release|Any CPU
	EndGlobalSection
	GlobalSection(SolutionProperties) = preSolution
		HideSolutionNode = FALSE
	EndGlobalSection
	GlobalSection(ExtensibilityGlobals) = postSolution
		SolutionGuid = {EEF6A572-D2F3-477D-859D-4454C642B2F9}
	EndGlobalSection
EndGlobal
